
Microsoft Visual Studio Solution File, Format Version 12.00
# Visual Studio Version 16
VisualStudioVersion = 16.0.28705.295
MinimumVisualStudioVersion = 10.0.40219.1
Project("{9A19103F-16F7-4668-BE54-9A1E7A4F7556}") = "TaxiFarePrediction", "TaxiFarePrediction\TaxiFarePredictionConsoleApp\TaxiFarePrediction.csproj", "{A42AB956-F333-4A8E-9022-B9B5F298AC58}"
EndProject
Project("{9A19103F-16F7-4668-BE54-9A1E7A4F7556}") = "TaxiFarePrediction.Service", "TaxiFarePrediction.Service\TaxiFarePrediction.Service.csproj", "{FAC10873-443C-4E4A-9A9C-EB646131C268}"
EndProject
Project("{FAE04EC0-301F-11D3-BF4B-00C04F79EFBC}") = "TaxiFarePrediction.BlazorServer", "TaxiFarePrediction.BlazorServer\TaxiFarePrediction.BlazorServer.csproj", "{15F1E566-5FF0-458D-AEB3-F8DEE57A50BA}"
EndProject
Global
	GlobalSection(SolutionConfigurationPlatforms) = preSolution
		Debug|Any CPU = Debug|Any CPU
		Debug|x86 = Debug|x86
		Release|Any CPU = Release|Any CPU
		Release|x86 = Release|x86
	EndGlobalSection
	GlobalSection(ProjectConfigurationPlatforms) = postSolution
		{A42AB956-F333-4A8E-9022-B9B5F298AC58}.Debug|Any CPU.ActiveCfg = Debug|Any CPU
		{A42AB956-F333-4A8E-9022-B9B5F298AC58}.Debug|Any CPU.Build.0 = Debug|Any CPU
		{A42AB956-F333-4A8E-9022-B9B5F298AC58}.Debug|x86.ActiveCfg = Debug|Any CPU
		{A42AB956-F333-4A8E-9022-B9B5F298AC58}.Debug|x86.Build.0 = Debug|Any CPU
		{A42AB956-F333-4A8E-9022-B9B5F298AC58}.Release|Any CPU.ActiveCfg = Release|Any CPU
		{A42AB956-F333-4A8E-9022-B9B5F298AC58}.Release|Any CPU.Build.0 = Release|Any CPU
		{A42AB956-F333-4A8E-9022-B9B5F298AC58}.Release|x86.ActiveCfg = Release|Any CPU
		{A42AB956-F333-4A8E-9022-B9B5F298AC58}.Release|x86.Build.0 = Release|Any CPU
		{FAC10873-443C-4E4A-9A9C-EB646131C268}.Debug|Any CPU.ActiveCfg = Debug|Any CPU
		{FAC10873-443C-4E4A-9A9C-EB646131C268}.Debug|Any CPU.Build.0 = Debug|Any CPU
		{FAC10873-443C-4E4A-9A9C-EB646131C268}.Debug|x86.ActiveCfg = Debug|Any CPU
		{FAC10873-443C-4E4A-9A9C-EB646131C268}.Debug|x86.Build.0 = Debug|Any CPU
		{FAC10873-443C-4E4A-9A9C-EB646131C268}.Release|Any CPU.ActiveCfg = Release|Any CPU
		{FAC10873-443C-4E4A-9A9C-EB646131C268}.Release|Any CPU.Build.0 = Release|Any CPU
		{FAC10873-443C-4E4A-9A9C-EB646131C268}.Release|x86.ActiveCfg = Release|Any CPU
		{FAC10873-443C-4E4A-9A9C-EB646131C268}.Release|x86.Build.0 = Release|Any CPU
		{15F1E566-5FF0-458D-AEB3-F8DEE57A50BA}.Debug|Any CPU.ActiveCfg = Debug|Any CPU
		{15F1E566-5FF0-458D-AEB3-F8DEE57A50BA}.Debug|Any CPU.Build.0 = Debug|Any CPU
		{15F1E566-5FF0-458D-AEB3-F8DEE57A50BA}.Debug|x86.ActiveCfg = Debug|Any CPU
		{15F1E566-5FF0-458D-AEB3-F8DEE57A50BA}.Debug|x86.Build.0 = Debug|Any CPU
		{15F1E566-5FF0-458D-AEB3-F8DEE57A50BA}.Release|Any CPU.ActiveCfg = Release|Any CPU
		{15F1E566-5FF0-458D-AEB3-F8DEE57A50BA}.Release|Any CPU.Build.0 = Release|Any CPU
		{15F1E566-5FF0-458D-AEB3-F8DEE57A50BA}.Release|x86.ActiveCfg = Release|Any CPU
		{15F1E566-5FF0-458D-AEB3-F8DEE57A50BA}.Release|x86.Build.0 = Release|Any CPU
	EndGlobalSection
	GlobalSection(SolutionProperties) = preSolution
		HideSolutionNode = FALSE
	EndGlobalSection
	GlobalSection(ExtensibilityGlobals) = postSolution
		SolutionGuid = {03B2ECD4-DB23-45C5-B653-8143F58FACB2}
	EndGlobalSection
EndGlobal
